# THIS IS AN AUTOGENERATED FILE. DO NOT EDIT THIS FILE DIRECTLY.
assets/14oz-pint-glass.png:
  development: 2017-09-14T12:36:39-04:00
  production: 2017-09-14T12:08:50-04:00   832abe13dc5f69d3abc7fdb01405b637
assets/810.png:
  development: 2017-09-14T12:36:39-04:00
  production: 2017-09-21T04:25:22-04:00   47d1f069fabe40202344a679f4081222
assets/Graphik-Medium-Web.eot:
  development: 2017-09-14T12:36:45-04:00
  production: 2017-09-14T12:09:00-04:00   768652b2a5be312177bc4368e8aff0ed
assets/Graphik-Medium-Web.woff:
  development: 2017-09-14T12:36:46-04:00
  production: 2017-09-14T12:09:00-04:00   3bdc9671adca3867691f1c2c04f743f7
assets/Graphik-Medium-Web_1.svg:
  development: 2017-09-14T12:36:47-04:00
  production: 2017-09-14T12:09:01-04:00   c69ef6463d32077ba3caf90d8b4eae46
assets/Graphik-Regular-Web.eot:
  development: 2017-09-14T12:36:47-04:00
  production: 2017-09-14T12:09:01-04:00   975aa57a28303c63da778c23ed721b07
assets/Graphik-Regular-Web.ttf:
  development: 2017-09-14T12:36:47-04:00
  production: 2017-09-14T12:09:02-04:00   3d66625c61c5fa2ada9d63b08c8fabc4
assets/Graphik-Regular-Web.woff:
  development: 2017-09-14T12:36:47-04:00
  production: 2017-09-14T12:09:02-04:00   be8bbbf342a020bd5f0d2e7b1ff63bf4
assets/Graphik-Regular-Web.woff2:
  development: 2017-09-14T12:36:47-04:00
  production: 2017-09-14T12:09:02-04:00   514717dab2c14d3ee13b6ac95082b99c
assets/Guardian-EgypTT-Light.eot:
  development: 2017-09-14T12:36:48-04:00
  production: 2017-09-14T12:09:02-04:00   c8931a36319b59ed45dbf5bfa49d6934
assets/Guardian-EgypTT-Light.svg:
  development: 2017-09-14T12:36:48-04:00
  production: 2017-09-14T12:09:03-04:00   a4d977ef06b4ee33d6f4e16917a4cbee
assets/Guardian-EgypTT-Light.ttf:
  development: 2017-09-14T12:36:48-04:00
  production: 2017-09-14T12:09:03-04:00   e0180cb064b92b838804b2d1fd3a33d6
assets/Guardian-EgypTT-Light.woff:
  development: 2017-09-14T12:36:49-04:00
  production: 2017-09-14T12:09:03-04:00   d8af2c7eafabfa461145baf1b09783ec
assets/Guardian-EgypTT-Light.woff2:
  development: 2017-09-14T12:36:49-04:00
  production: 2017-09-14T12:09:03-04:00   3e9fd254be91f22bb93671065e929c0c
assets/Guardian-EgypTT-Medium.eot:
  development: 2017-09-14T12:36:49-04:00
  production: 2017-09-14T12:09:04-04:00   d068f10114af1b61b4856c961394dac8
assets/Guardian-EgypTT-Medium.svg:
  development: 2017-09-14T12:36:49-04:00
  production: 2017-09-14T12:09:04-04:00   f24590c808eaf0aa0b9b02e13dd3694e
assets/Guardian-EgypTT-Medium.ttf:
  development: 2017-09-14T12:36:50-04:00
  production: 2017-09-14T12:09:05-04:00   fe3cd0c3d80289d19f0307da29b3895b
assets/Guardian-EgypTT-Medium.woff:
  development: 2017-09-14T12:36:50-04:00
  production: 2017-09-14T12:09:05-04:00   9a4668ecfd2ba2689a434fe13d3af6b2
assets/Guardian-EgypTT-Medium.woff2:
  development: 2017-09-14T12:36:51-04:00
  production: 2017-09-14T12:09:05-04:00   9df12770cecc76cb654a6f41cd5885bc
assets/Mission_Point_IconicDesignGraphic_Navy.png:
  production: 2017-10-18T14:09:36-04:00   e96f7aa3cb712d814b9bb8b42f2d584a
assets/about-us.jpg:
  development: 2017-09-14T12:36:39-04:00
  production: 2017-09-21T04:26:11-04:00   2eb1bc39494b7682e4037136abfed093
assets/apps.css.liquid:
  development: 2017-10-18T04:40:29-04:00
  production: 2017-10-19T15:02:23-04:00   cfc8637dc04eb1902686e5c0c96699c8
assets/ash.png:
  development: 2017-09-14T12:36:40-04:00
  production: 2017-09-14T12:08:53-04:00   d70560dc9243307e4cce646653c14b2c
assets/athletic-heather.png:
  development: 2017-09-14T12:36:40-04:00
  production: 2017-09-14T12:08:53-04:00   338db6faea99f6aa541798f7631e47c3
assets/bacon-menu.css:
  production: 2017-11-10T02:15:46-05:00   4119eb1754c708d1833ab53bd488d90e
assets/black-charcoal.png:
  development: 2017-09-14T12:36:41-04:00
  production: 2017-09-14T12:08:54-04:00   c76df3d4d980c0f2f3b4647c8bc93ab4
assets/black.png:
  development: 2017-09-14T12:36:41-04:00
  production: 2017-09-21T04:30:15-04:00   f0134b1bdafda330d85aa9c8aaf2830f
assets/block-h.png:
  production: 2017-10-26T11:56:59-04:00   e14db54f4cc92463b11896129d6457d4
assets/buddha-megamenu.js.liquid:
  development: 2017-09-14T12:36:41-04:00
  production: 2017-09-14T12:36:05-04:00   05c1d4bc2d4e56daacfbedb765e77638
assets/cabin-creek.png:
  production: 2017-11-03T11:31:42-04:00   63129c2ca15aa79b67357d15fbae3f16
assets/cabin_creek.png:
  production: 2017-11-03T11:28:35-04:00   63129c2ca15aa79b67357d15fbae3f16
assets/carolina-blue.png:
  development: 2017-09-14T12:36:41-04:00
  production: 2017-09-14T12:08:54-04:00   b59779a4e453b8a01602909b003084ce
assets/charcoal.png:
  development: 2017-09-14T12:36:41-04:00
  production: 2017-09-14T12:08:55-04:00   0895963d48a95d57cd30bac2bb898754
assets/city-state-bulge-black.png:
  development: 2017-09-14T12:36:42-04:00
  production: 2017-09-21T04:32:55-04:00   05a173aa63de5d6a37d7bb0c39d456a7
assets/city-state-stateimage-black.png:
  development: 2017-09-14T12:36:42-04:00
  production: 2017-09-21T04:34:29-04:00   cad933f6afd516876362565a17474394
assets/city-state-stateimage.png:
  development: 2017-09-14T12:36:42-04:00
  production: 2017-09-14T12:08:56-04:00   09ce58c102b5993c86f097a6fddb7319
assets/close-cart.svg:
  development: 2017-09-14T12:36:42-04:00
  production: 2017-09-14T12:08:56-04:00   d0d9b59b6cd4a380e9457fd630e432cf
assets/concrete-canoe-logo.png:
  production: 2017-10-17T14:19:25-04:00   3e02541ee21841323d96f0c55bbd67ec
assets/coyote-silhouette.png:
  production: 2017-10-25T15:32:06-04:00   e48dff5251e3969908d757178d8f27d2
assets/crest-_-helmet.png:
  production: 2017-11-02T14:26:33-04:00   8f12f74d4f113910f107304c7de91ef6
assets/crest-and-helmet.png:
  production: 2017-11-02T14:26:58-04:00   8f12f74d4f113910f107304c7de91ef6
assets/dd-946.png:
  production: 2017-11-02T14:14:40-04:00   b6e974cc9fb83094c922e0dd31ef27d8
assets/deep-navy.png:
  development: 2017-09-14T12:36:43-04:00
  production: 2017-09-21T04:37:01-04:00   a5646260ab815ddf033d4392518c42bf
assets/deep-red.png:
  development: 2017-09-14T12:36:43-04:00
  production: 2017-09-21T04:37:48-04:00   1ea9e03b88937a5bb8993437c15b4e73
assets/deep-royal.png:
  development: 2017-09-14T12:36:43-04:00
  production: 2017-09-14T12:08:57-04:00   32cb29d77069fd34c70e9384e5cb8ea1
assets/denim-blue.png:
  development: 2017-09-14T12:36:43-04:00
  production: 2017-09-14T12:08:57-04:00   d95f2bf93a845b429d47640e2cc56734
assets/do-you-euchre.png:
  production: 2017-10-23T14:16:20-04:00   bd54323a3793eb223f87f91e99a7e4b5
assets/established-black.png:
  development: 2017-09-14T12:36:43-04:00
  production: 2017-09-21T04:40:14-04:00   bab8be982e90ce81b63ee2cb1d8f3b55
assets/established.png:
  development: 2017-09-14T12:36:44-04:00
  production: 2017-09-21T04:41:05-04:00   7e8f9ad884e257fc6442870cdf3635bf
assets/explore-mi.png:
  production: 2017-10-25T16:53:35-04:00   13ca8bad58e02bc63dd6700b987309d3
assets/fast.svg:
  development: 2017-09-14T12:36:44-04:00
  production: 2017-09-14T12:08:58-04:00   d42def859797cf7311e8a3161705004a
assets/fastclick.min.js:
  development: 2017-09-14T12:36:44-04:00
  production: 2017-09-14T12:08:58-04:00   4c68290ccc4d503561895dff0821621f
assets/flexslider-icon.svg:
  development: 2017-09-14T12:36:44-04:00
  production: 2017-09-14T12:08:59-04:00   10e8a5455c4522c48aa975eacd4f0023
assets/flexslider-icon.ttf:
  development: 2017-09-14T12:36:45-04:00
  production: 2017-09-14T12:08:59-04:00   b4c9e5057989b9727a5df4e0a21af33c
assets/flexslider-product.css.liquid:
  development: 2017-09-14T12:36:45-04:00
  production: 2017-10-19T14:56:58-04:00   f0d8f2950b4a7ec4750c6671657552b9
assets/front-coyote.png:
  production: 2017-10-26T09:18:54-04:00   e81d1bbf0911b60b903079b3d5efd469
assets/girl-dealer.png:
  production: 2017-11-07T14:22:14-05:00   f410e270f2b9494e4cecbbbef626af62
assets/gold.png:
  development: 2017-09-14T12:36:45-04:00
  production: 2017-09-21T04:42:49-04:00   3687a385fe75d93a20c6b7535b0e6b31
assets/guy-dealer.png:
  production: 2017-11-07T14:22:23-05:00   00856066d2f8cc422d695caf6af6c83d
assets/handlebars.min.js:
  development: 2017-09-14T12:36:51-04:00
  production: 2017-09-14T12:09:05-04:00   b3c11508a224ee83f86e2fc6491e9751
assets/heart.svg:
  development: 2017-09-14T12:36:51-04:00
  production: 2017-09-14T12:09:05-04:00   28d7334c04dc38dbf4ddce26f8b5ab33
assets/heather-athletic-maroon.png:
  development: 2017-09-14T12:36:51-04:00
  production: 2017-09-21T04:43:44-04:00   2dd26b539052ab9a0a56d3a410398fac
assets/home-grown-black.png:
  development: 2017-09-14T12:36:52-04:00
  production: 2017-09-21T04:44:26-04:00   0afffb92d410662275d45b7098cb3b36
assets/home-grown.png:
  development: 2017-09-14T12:36:52-04:00
  production: 2017-09-21T04:45:17-04:00   722d65a21ac8e4a079b592188f8fe510
assets/howell-block.png:
  production: 2017-10-26T12:01:12-04:00   e14db54f4cc92463b11896129d6457d4
assets/i-love-euchre.png:
  production: 2017-11-07T14:41:30-05:00   3cf0fbb875935b5c1fd249e2627bb8f6
assets/i-must-go.png:
  production: 2017-11-02T14:20:27-04:00   9efe2ef5a525549f7b91c27d415e7efa
assets/i_m-going-alone.png:
  production: 2017-10-27T15:19:49-04:00   a72019cf5793631477c7295f319a5f28
assets/ico-select.svg.liquid:
  development: 2017-09-14T12:36:52-04:00
  production: 2017-09-14T12:09:06-04:00   9c9cc5a57cc74a0a64c2f62b1370a920
assets/icons.eot:
  development: 2017-09-14T12:36:52-04:00
  production: 2017-09-14T12:09:07-04:00   6499aa740322bffbb6e26ebadf450c4a
assets/icons.json:
  development: 2017-09-14T12:36:52-04:00
  production: 2017-09-14T12:09:07-04:00   6f9018585c3e215e29cef8e390091787
assets/icons.svg:
  development: 2017-09-14T12:36:53-04:00
  production: 2017-09-14T12:09:07-04:00   1f568afd815839eae6eb796a52a497a6
assets/jet-black.png:
  development: 2017-09-14T12:36:53-04:00
  production: 2017-09-21T04:46:11-04:00   36a992f8a5295775f29c075fc8d55890
assets/jquery.magnific-popup.min.js:
  development: 2017-09-14T12:36:53-04:00
  production: 2017-09-14T12:09:08-04:00   f7501bc9635986cd6e48f19c989276be
assets/jquery.min.js:
  production: 2017-10-19T10:21:22-04:00   618538b4ab9639d444e962729a927f15
assets/kelly-green.png:
  development: 2017-09-14T12:36:53-04:00
  production: 2017-09-21T04:46:55-04:00   fec77afcc007750c97d27bee508b8c0d
assets/kids-carolina-blue-hoodie-99mainstreet.png:
  development: 2017-09-14T12:36:56-04:00
  production: 2017-09-21T04:47:58-04:00   ccfdcc3c12b52e27a0b90708a6bf2957
assets/kids-charcoal-hoodie-99mainstreet.png:
  development: 2017-09-14T12:36:57-04:00
  production: 2017-09-21T04:48:49-04:00   1cfd75e769294b80a79d45fda6335114
assets/kids-jet-black-hoodie-99mainstreet.png:
  development: 2017-09-14T12:36:58-04:00
  production: 2017-09-21T04:49:38-04:00   c8c7d556654b1a8e9b366dc010f59636
assets/kids-maroon-hoodie-99mainstreet.png:
  development: 2017-09-14T12:36:59-04:00
  production: 2017-09-21T04:50:28-04:00   a58f936447d14ea6b951dfd46110cc8f
assets/kids-royal-hoodie-99mainstreet.png:
  development: 2017-09-14T12:37:00-04:00
  production: 2017-09-21T04:51:26-04:00   bb057a8015780ffdc3188167043b13df
assets/ladies-explore.png:
  production: 2017-10-27T14:22:01-04:00   d60a758598e1bbd1d5793413e536bb51
assets/light-blue.png:
  development: 2017-09-14T12:37:01-04:00
  production: 2017-09-21T04:51:54-04:00   fa2520d19c05c1b6eeabad7da7411757
assets/light-royal.png:
  development: 2017-09-14T12:37:01-04:00
  production: 2017-09-21T04:52:47-04:00   03f803096de92b6f9d9bc23e10082359
assets/light-steel.png:
  development: 2017-09-14T12:37:01-04:00
  production: 2017-09-21T04:53:38-04:00   ead50f3fabc53e516d6c2a7fa7d2fa0d
assets/lime.png:
  development: 2017-09-14T12:37:01-04:00
  production: 2017-09-21T04:55:15-04:00   64d237f2d32304d64e94e57b369ea6be
assets/lock.svg:
  development: 2017-09-14T12:37:02-04:00
  production: 2017-09-14T12:09:15-04:00   4bbfce6e2c129ed2450b2b0ffc190403
assets/logo-Becharas Coffee.png:
  production: 2017-11-08T04:05:17-05:00   0054cb8374bf2bf6d864a895ba5d66f7
assets/logo.png:
  development: 2017-10-13T14:54:11-04:00
  production: 2017-10-13T16:10:39-04:00   0da9778f8735e07fd6c4b8ff2665368e
assets/logo.svg:
  development: 2017-10-13T13:33:07-04:00
  production: 2017-10-13T16:18:24-04:00   42be5b9b7a116c1beac0d00d7dae040b
assets/logo_v2.png:
  production: 2017-10-13T18:32:05-04:00   85404419ecd9603ea7c139f87a3da7ac
assets/made-in-marysville-black.png:
  development: 2017-09-14T12:37:02-04:00
  production: 2017-09-21T04:57:51-04:00   10a632908d6bc8c04db7bcdb4f28673f
assets/made-in-marysville.png:
  development: 2017-09-14T12:37:02-04:00
  production: 2017-09-21T04:58:41-04:00   f9b261b35da1fa39fb89c7c22636094a
assets/maroon.png:
  development: 2017-09-14T12:37:03-04:00
  production: 2017-09-21T04:59:29-04:00   97be82b191a9f1447b2976a0f4cf120c
assets/marysville-arched-black.png:
  development: 2017-09-14T12:37:03-04:00
  production: 2017-09-21T05:00:24-04:00   7cb9997211c220041c198d375b9c5a96
assets/marysville-boats-black.png:
  development: 2017-09-14T12:37:04-04:00
  production: 2017-09-21T05:02:07-04:00   13ae04e9e1d96246e89546163fb54824
assets/marysville-boats.png:
  development: 2017-09-14T12:37:04-04:00
  production: 2017-09-21T05:02:50-04:00   629da5dc2f7b74173549fe18cabe891d
assets/marysville-circle-white.png:
  development: 2017-09-14T12:37:04-04:00
  production: 2017-09-21T05:03:35-04:00   069e989053f72a9deb5278310b715006
assets/marysville-circle.png:
  development: 2017-09-14T12:37:05-04:00
  production: 2017-09-21T05:04:28-04:00   954e5e72e089d18e2bb9916a1251c041
assets/marysville-original.png:
  development: 2017-09-14T12:37:05-04:00
  production: 2017-09-21T05:05:20-04:00   6580ad9caae1104119dc4f05ece7109f
assets/marysville-vs-everybody-black.png:
  development: 2017-09-14T12:37:06-04:00
  production: 2017-09-21T05:07:48-04:00   6f1f5fec78e7b0fbba0aa4d7224fefdf
assets/marysville-vs-everybody.png:
  development: 2017-09-14T12:37:06-04:00
  production: 2017-09-21T05:08:38-04:00   9caa12ebf30711db7492ac0d92a31fdc
assets/mens-ash-tshirt-99mainstreet.png:
  development: 2017-09-14T12:37:07-04:00
  production: 2017-09-21T05:10:36-04:00   fc898f5e1c1192a9c0557d0a6301217b
assets/mens-black-polo-99mainstreet.png:
  development: 2017-09-14T12:37:08-04:00
  production: 2017-09-21T05:11:22-04:00   1006456a866029c5fd3b5e900358d303
assets/mens-black-tshirt-99mainstreet.png:
  development: 2017-09-14T12:37:09-04:00
  production: 2017-09-21T05:12:10-04:00   b1fc59f57b3915e8aa095c7eee2361f4
assets/mens-charcoal-hoodie-99mainstreet.png:
  development: 2017-09-14T12:37:11-04:00
  production: 2017-09-21T05:13:48-04:00   37d1d8c239a9dcadee7c0e912bf927c9
assets/mens-deep-forest-polo-99mainstreet.png:
  development: 2017-09-14T12:37:12-04:00
  production: 2017-09-21T05:14:42-04:00   5c6cdc3335610b313db0d31f00c6f043
assets/mens-deep-red-tshirt-99mainstreet.png:
  development: 2017-09-14T12:37:17-04:00
  production: 2017-09-21T05:16:18-04:00   35d9c5d3e01cb5174166a3e5d23744eb
assets/mens-deep-royal-polo-99mainstreet.png:
  development: 2017-09-14T12:37:18-04:00
  production: 2017-09-21T05:17:17-04:00   b374be3748ca8eb25759b82b5dba7735
assets/mens-jet-black-hoodie-99mainstreet.png:
  development: 2017-09-14T12:37:23-04:00
  production: 2017-09-21T05:19:45-04:00   5ebb3fb778c1291bb6bb63194cf3866e
assets/mens-kelly-green-tshirt-99mainstreet.png:
  development: 2017-09-14T12:37:24-04:00
  production: 2017-09-21T05:20:31-04:00   ed64459a96e28dc9274bdabba0899f61
assets/mens-light-blue-polo-99mainstreet.png:
  development: 2017-09-14T12:37:25-04:00
  production: 2017-09-21T05:21:22-04:00   b530441c4f09eb1c712ddc247c630aaf
assets/mens-light-blue-tshirt-99mainstreet.png:
  development: 2017-09-14T12:37:26-04:00
  production: 2017-09-21T05:22:15-04:00   69a72339f9f06bf5f080756e2802256f
assets/mens-maroon-polo-99mainstreet.png:
  development: 2017-09-14T12:37:31-04:00
  production: 2017-09-21T05:25:39-04:00   6cc373f080ac3b603e658e2b29615a63
assets/mens-navy-blue-polo-99mainstreet.png:
  development: 2017-09-14T12:37:32-04:00
  production: 2017-09-21T05:26:24-04:00   5d90bcf6d9313d7165e274d66908945d
assets/mens-orange-polo-99mainstreet.png:
  development: 2017-09-14T12:37:33-04:00
  production: 2017-09-21T05:27:14-04:00   a3cf2160f750fee43a153b5631e13f7d
assets/mens-purple-polo-99mainstreet.png:
  development: 2017-09-14T12:37:34-04:00
  production: 2017-09-21T05:28:04-04:00   53210e450454e4021342dc97d15dc1a7
assets/mens-sand-tshirt-99mainstreet.png:
  development: 2017-09-14T12:37:35-04:00
  production: 2017-09-21T05:28:53-04:00   5ac179c08bde12d5bc45001bc07a31fb
assets/mens-smoke-grey-tshirt-99mainstreet.png:
  development: 2017-09-14T12:37:36-04:00
  production: 2017-09-21T05:29:44-04:00   20261539a877b761506c38210e8a0f4e
assets/mm-init.js:
  development: 2017-09-14T12:37:39-04:00
  production: 2017-09-14T12:09:52-04:00   489c00e1c529a36360a509a3a30c4f14
assets/modernizr.min.js:
  development: 2017-09-14T12:37:39-04:00
  production: 2017-09-14T12:09:52-04:00   dc21cffad945a84cbbe770d52b1a0ded
assets/moss-green.png:
  production: 2017-10-17T14:20:22-04:00   40a05f067c5c7f2fad26eb8a3a015d02
assets/navy.png:
  development: 2017-09-14T12:37:39-04:00
  production: 2017-09-21T05:32:49-04:00   38be445fc5ff9375b4423d85cf65b222
assets/neon-blue.png:
  development: 2017-09-14T12:37:39-04:00
  production: 2017-09-21T05:33:39-04:00   50af8f66828f5ba67f4136217faf26cb
assets/neon-green.png:
  development: 2017-09-14T12:37:39-04:00
  production: 2017-09-21T05:34:33-04:00   c09437f7f94a7de66f7389ed8322ecaf
assets/neon-pink.png:
  development: 2017-09-14T12:37:40-04:00
  production: 2017-09-21T05:35:20-04:00   5ebfb44095b1e1e50c1fa9109b6ed086
assets/newest-banner.png:
  development: 2017-09-14T12:37:40-04:00
  production: 2017-09-21T05:37:01-04:00   56b6ee8c102d192f0223cf477ae31e39
assets/newest-banner3.png:
  development: 2017-09-14T12:37:40-04:00
  production: 2017-09-21T05:37:52-04:00   67db03c0e922a5dcc8795af876b477b7
assets/orange.png:
  development: 2017-09-14T12:37:41-04:00
  production: 2017-09-21T05:38:40-04:00   04fe300d98e9b8271b0ef5cb5ef3d4bd
assets/pale-pink.png:
  development: 2017-09-14T12:37:41-04:00
  production: 2017-09-21T05:39:30-04:00   67e876c803daa373bdd6571001c89907
assets/pearl-grey.png:
  development: 2017-09-14T12:37:41-04:00
  production: 2017-09-14T12:09:54-04:00   73fd5392b52b490316d789a1948b6e63
assets/picturedrocks-explore.png:
  production: 2017-10-27T11:38:41-04:00   cd223110ddeaac877358017088cc8c2b
assets/picturedrocks-letsventure.png:
  production: 2017-10-27T13:22:45-04:00   76c77d1c711d3b1b23b6b7136c187364
assets/pink-raspberry.png:
  development: 2017-09-14T12:37:42-04:00
  production: 2017-09-14T12:09:54-04:00   407d9a747a6f8be0225e5c9d43b2ea76
assets/property-of-athletic-department-black.png:
  development: 2017-09-14T12:37:42-04:00
  production: 2017-09-21T05:42:04-04:00   b9256e3f586a3f4abb793ea7aa4781a6
assets/purple.png:
  development: 2017-09-14T12:37:42-04:00
  production: 2017-09-21T05:43:44-04:00   6bb89649c198d1b6be442bf30a2e02bc
assets/respond-proxy.html:
  development: 2017-09-14T12:37:42-04:00
  production: 2017-09-14T12:09:55-04:00   75002d74a330bff6bf069284da503b4c
assets/respond.min.js:
  development: 2017-09-14T12:37:43-04:00
  production: 2017-09-14T12:09:55-04:00   a2684e9b8fa50d6d11c56a9ada068528
assets/rocks-glass.png:
  development: 2017-09-14T12:37:44-04:00
  production: 2017-09-21T05:44:29-04:00   c94eb5423ba5d6d484a09cb803e842d1
assets/royal-blue.png:
  development: 2017-09-14T12:37:44-04:00
  production: 2017-09-14T12:09:56-04:00   19090e171a1336b768c7bb15e0350481
assets/royal.png:
  development: 2017-09-14T12:37:45-04:00
  production: 2017-09-21T05:46:09-04:00   b8d6f2a56d8b75efdd08e53ece3936e1
assets/sand.png:
  development: 2017-09-14T12:37:45-04:00
  production: 2017-09-21T05:47:03-04:00   4b37035b2eeea2221e7719d1d1a31221
assets/saving-ribbon.svg:
  development: 2017-09-14T12:37:45-04:00
  production: 2017-09-14T12:09:56-04:00   99f58253bf8d2e326c03193db48e8f93
assets/secure.svg:
  development: 2017-09-14T12:37:45-04:00
  production: 2017-09-14T12:09:56-04:00   6f8eeec2cd289f547c292a59d4758938
assets/shopstorm-apps.js.liquid:
  development: 2017-09-14T12:37:45-04:00
  production: 2017-09-14T12:09:57-04:00   e22c2d184c1b52f5c7d7fcafda2e8941
assets/shopstorm-apps.scss.liquid:
  development: 2017-09-14T12:37:46-04:00
  production: 2017-09-14T12:09:57-04:00   0a592105e59ee640dcd5d1d4d27f4163
assets/slideshow_1.jpg:
  development: 2017-09-14T12:37:46-04:00
  production: 2017-10-13T14:07:56-04:00   9acc8e506f07d58fc9942808a596273c
assets/slideshow_2.jpg:
  development: 2017-09-14T12:37:46-04:00
  production: 2017-09-21T05:48:43-04:00   9b58d676366612b69708d083ca1003b5
assets/smoke-grey.png:
  development: 2017-09-14T12:37:46-04:00
  production: 2017-09-21T05:49:32-04:00   051cf92247abf3a664376fd9609fdc45
assets/social-icon-facebook_2x.png:
  development: 2017-09-14T12:37:47-04:00
  production: 2017-09-21T05:51:10-04:00   7a3fda893a400ee5dc876690e3840e68
assets/social-icon-instagram_2x.png:
  development: 2017-09-14T12:37:47-04:00
  production: 2017-09-21T05:52:54-04:00   7c5dafdebacce34f696b511ab9592e18
assets/social-icon-pinterest.png:
  development: 2017-09-14T12:37:47-04:00
  production: 2017-09-21T05:53:42-04:00   f45340dadbba628fe86aa37002a66196
assets/social-icon-pinterest_2x.png:
  development: 2017-09-14T12:37:47-04:00
  production: 2017-09-21T05:54:30-04:00   134f2a8aa50c1879b6553d25fe3dd1c6
assets/social-icon-twitter.png:
  development: 2017-09-14T12:37:47-04:00
  production: 2017-09-21T05:55:19-04:00   0319884988c1dd392681b5d8511e7242
assets/social-icon-twitter_2x.png:
  development: 2017-09-14T12:37:48-04:00
  production: 2017-09-21T05:56:14-04:00   41232162de0c04158103fe9467b2d4f9
assets/southwest-coyotes.png:
  production: 2017-10-25T15:35:20-04:00   debd13bcba198bbc1967b1986fd45b14
assets/stemless-red-wine-glass.png:
  development: 2017-09-14T12:37:49-04:00
  production: 2017-09-21T05:57:55-04:00   5040671d6ce7409f2b281173cb225619
assets/stemless-white-wine-glass.png:
  development: 2017-09-14T12:37:50-04:00
  production: 2017-09-21T05:58:49-04:00   7f7c6db47380a61dee7504958cd3ba41
assets/swatch.css.liquid:
  development: 2017-09-14T12:37:50-04:00
  production: 2017-10-16T05:37:02-04:00   5772dc29fc170f449da160d6d327fb56
assets/swiper.min.js:
  development: 2017-09-14T12:37:51-04:00
  production: 2017-09-14T12:12:20-04:00   1c59c2b171d7a162d30fc83ce4ac7fa4
assets/theme.js.liquid:
  development: 2017-09-14T12:37:51-04:00
  production: 2017-11-03T08:38:52-04:00   ee70e48086093a84662e5748a7551874
assets/timber.js.liquid:
  development: 2017-09-14T12:37:51-04:00
  production: 2017-11-10T12:15:54-05:00   1af82d813616dc10e1594c9e76bad478
assets/timber.scss.liquid:
  development: 2017-11-09T17:41:40-05:00
  production: 2017-11-09T18:04:54-05:00   f85be2a8228492d01e710863d2a7e6e0
assets/true-navy.png:
  development: 2017-09-14T12:37:51-04:00
  production: 2017-09-14T12:10:02-04:00   9dee13917087ff61aec44adc440bb359
assets/vendors.js:
  production: 2017-10-19T10:23:24-04:00   34e4fc16084d7c8584d0475626d9da35
assets/wine-glass.png:
  development: 2017-09-14T12:37:53-04:00
  production: 2017-09-21T06:04:04-04:00   bbbce6cf534d8e53926ef34f93eb714a
assets/womans-ash-tshirt-99mainstreet.png:
  development: 2017-09-14T12:37:55-04:00
  production: 2017-09-21T06:05:36-04:00   b79b7a443a7417e3bdfc8a666ace486e
assets/womans-charcoal-tanktop-99mainstreet.png:
  development: 2017-09-14T12:37:57-04:00
  production: 2017-09-21T06:08:45-04:00   235495f368e4663fd762df73c594291b
assets/womans-deep-forest-tshirt-99mainstreet.png:
  development: 2017-09-14T12:37:58-04:00
  production: 2017-09-21T06:09:45-04:00   9bbb32da6fb5750b2308c4577a58324d
assets/womans-jet-black-polo-99mainstreet.png:
  development: 2017-09-14T12:37:59-04:00
  production: 2017-09-21T06:11:14-04:00   d0bd94b99eea85157c21038cd19b98c6
assets/womans-jet-black-zipup-hoodie-99mainstreet.png:
  development: 2017-09-14T12:38:00-04:00
  production: 2017-09-21T06:12:05-04:00   b2b0c20726bbd667c0066a9ccaede09e
assets/womans-lime-green-polo-99mainstreet.png:
  development: 2017-09-14T12:38:02-04:00
  production: 2017-09-21T06:14:43-04:00   c223fc3adc744fc134521195640df142
assets/womans-neon-green-tanktop-99mainstreet.png:
  development: 2017-09-14T12:38:05-04:00
  production: 2017-09-21T06:17:18-04:00   d4760ad5af71331a39e4e5bf950dfe3e
assets/womans-neon-pink-zipup-hoodie-99mainstreet.png:
  development: 2017-09-14T12:38:06-04:00
  production: 2017-09-21T06:17:57-04:00   793d92c792096a653eb7527d00cfca10
assets/womans-pale-pink-tshirt-99mainstreet.png:
  development: 2017-09-14T12:38:08-04:00
  production: 2017-09-21T06:19:50-04:00   28fb84cce7691d2b25d2b7fbfa3c9ce7
assets/womans-royal-blue-polo-99mainstreet.png:
  development: 2017-09-14T12:38:12-04:00
  production: 2017-09-21T06:22:24-04:00   ee0313f3d449261c2ad312802807d21b
assets/womans-royal-tanktop-99mainstreet.png:
  development: 2017-09-14T12:38:12-04:00
  production: 2017-09-21T06:22:55-04:00   4d0b5e96a1dd55ded4dd461f0cb29c4d
assets/womans-vintage-red-tshirt-99mainstreet.png:
  development: 2017-09-14T12:38:16-04:00
  production: 2017-09-21T06:25:43-04:00   d84ff2ef2abb4e47312c8cad6fad2a3d
assets/wow-pink.png:
  development: 2017-09-14T12:38:19-04:00
  production: 2017-09-21T06:27:54-04:00   379ec5f1762405c1b765c23449aa3da6
config/settings_data.json:
  development: 2017-10-13T14:54:11-04:00
  production: 2017-11-10T02:26:29-05:00   7e79ec68d06495a671d5cccc6dd6f880
config/settings_schema.json:
  development: 2017-10-13T14:53:42-04:00
  production: 2017-11-10T02:24:14-05:00   268e7caed49da13e263591ed0302a0bf
layout/theme.liquid:
  development: 2017-10-13T13:34:07-04:00
  production: 2017-11-10T11:27:28-05:00   a340c09611202b8026606af17420270d
locales/de.json:
  development: 2017-09-14T12:38:19-04:00
  production: 2017-09-14T12:10:39-04:00   585899bd4424d43afa93b72083a5aa0e
locales/en.default.json:
  development: 2017-09-14T12:38:19-04:00
  production: 2017-10-30T16:25:40-04:00   9e03960edfc256471634e3519833c160
locales/pt-PT.json:
  development: 2017-09-14T12:38:19-04:00
  production: 2017-09-14T12:10:39-04:00   6ddf443592f389ff55aa739569736f47
snippets/ajax-cart-template.liquid:
  development: 2017-09-14T12:38:19-04:00
  production: 2017-09-14T12:10:39-04:00   b4a291983ac8b1b71f5a15b2b516d2c9
snippets/blog-sidebar.liquid:
  development: 2017-09-14T12:38:19-04:00
  production: 2017-09-14T12:10:39-04:00   ae3891e372509ded7074e50b2a97f438
snippets/buddha-megamenu-before.liquid:
  development: 2017-09-14T12:38:19-04:00
  production: '2017-09-14T12:10:39-04:00   '
snippets/buddha-megamenu-wireframe.liquid:
  development: 2017-09-14T12:38:19-04:00
  production: 2017-09-14T12:36:02-04:00   97a6fb8110b539f474546fa53f066b0d
snippets/buddha-megamenu.liquid:
  development: 2017-09-14T12:38:19-04:00
  production: 2017-10-19T14:56:46-04:00   7acd4da4256f1ecce15a2809d343820c
snippets/collection-sidebar.liquid:
  development: 2017-09-14T12:38:19-04:00
  production: 2017-09-14T12:10:39-04:00   b53274904cf2b47ce2fb4c3e6d632bb3
snippets/collection-sorting.liquid:
  development: 2017-09-14T12:38:19-04:00
  production: 2017-09-14T12:10:39-04:00   d369d2d4697110800946220909e8ecf8
snippets/comment.liquid:
  development: 2017-09-14T12:38:19-04:00
  production: 2017-09-14T12:10:39-04:00   c766e42be8a74e05533d0e5a0e3a9ce3
snippets/drawer-cart.liquid:
  production: 2017-10-30T16:23:36-04:00   35a0f9c15d92a239094b8aba6338ddcb
snippets/drawer-nav.liquid:
  production: 2017-10-30T16:23:36-04:00   3a62c95647fcfd8500827ef9da4d2594
snippets/featured-collections.liquid:
  development: 2017-10-18T05:27:10-04:00
  production: 2017-10-19T14:32:17-04:00   be50a44c6e1e042dcb6a75408db75b0e
snippets/featured-products.liquid:
  development: 2017-09-14T12:38:20-04:00
  production: 2017-09-14T12:10:39-04:00   99e7c8ff62f827200c56bb9770442fa2
snippets/filter-menu-oldbackup.liquid:
  production: 2017-10-24T13:19:43-04:00   55fcab1131d838c0823474933abd4481
snippets/filter-menu-shop3.liquid:
  production: 2017-11-08T23:51:24-05:00   dab4dff9264d1b98dc6973395d496fd8
snippets/filter-menu-test.liquid:
  production: 2017-10-25T05:37:11-04:00   52ed5cf9ddd61802e4e3d9a32ab6c8fb
snippets/findify-tagging.liquid:
  development: 2017-09-15T17:10:01-04:00
  production: 2017-09-15T17:10:01-04:00   4ab29904b064b2e4795761c69efd8c2a
snippets/footer.liquid:
  production: 2017-10-30T16:23:37-04:00   aad2bf5a3c71ce4c7f406ddccb4370e1
snippets/get_linklist_dropdown.liquid:
  production: 2017-11-10T02:34:38-05:00   9c09c7150a4e778ef7ab9a67c16f709c
snippets/header.liquid:
  production: 2017-10-30T16:38:31-04:00   d90e26efd3a636786d4fc10c805d1615
snippets/home-slider.liquid:
  development: 2017-09-14T12:38:20-04:00
  production: 2017-09-14T12:22:15-04:00   b3976912cc8b563623580579a8d4b056
snippets/icon-arrow-right.liquid:
  development: 2017-09-14T12:38:20-04:00
  production: 2017-09-14T12:10:39-04:00   44b5223f36d424d437eafb3a5b7bb97f
snippets/icon-cart.liquid:
  development: 2017-09-14T12:38:20-04:00
  production: 2017-09-14T12:10:39-04:00   bbbd24a37560ca31fea5b11c114f2604
snippets/icon-fast-shipping.liquid:
  production: 2017-11-08T03:23:43-05:00   d42def859797cf7311e8a3161705004a
snippets/icon-heart.liquid:
  production: 2017-11-08T03:16:12-05:00   28d7334c04dc38dbf4ddce26f8b5ab33
snippets/icon-secure.liquid:
  production: 2017-11-08T03:16:29-05:00   6f8eeec2cd289f547c292a59d4758938
snippets/main-menu-mobile.liquid:
  production: 2017-11-09T06:08:43-05:00   fc973f7ab790dc10960cfe4ca31524a2
snippets/main-menu.liquid:
  production: 2017-11-10T02:34:59-05:00   1585c2f085999dc970abc33a29fbfd58
snippets/oldIE-js.liquid:
  development: 2017-09-14T12:38:20-04:00
  production: 2017-09-14T12:10:39-04:00   1197cc7109944206a600ed5caaef6a6f
snippets/onboarding-empty-collection.liquid:
  development: 2017-09-14T12:38:20-04:00
  production: 2017-09-14T12:10:39-04:00   b25d81b4ba1c3e279fa58a5aade16b43
snippets/onboarding-featured-collections.liquid:
  development: 2017-09-14T12:38:20-04:00
  production: 2017-09-14T12:10:39-04:00   63d3e42eb5e78f32bdd7d7bb96c2aa81
snippets/product-customizer-helper.liquid:
  development: 2017-09-14T12:38:20-04:00
  production: 2017-09-14T12:10:39-04:00   47e6b16663accc94e15233bf7a25b231
snippets/product-customizer.liquid:
  development: 2017-09-14T12:38:20-04:00
  production: 2017-09-14T12:10:39-04:00   6cccfd54744dae5bd4a01a0afe335a81
snippets/product-gallery.liquid:
  development: 2017-09-14T12:38:20-04:00
  production: 2017-10-19T15:01:53-04:00   88ae764e4beb0b519bf84dc943271d69
snippets/related-products-by-collection.liquid:
  development: 2017-09-14T12:38:20-04:00
  production: 2017-10-23T18:34:23-04:00   420581f4d7b614537ecdba857d99e503
snippets/related-products-by-type.liquid:
  development: 2017-09-14T12:38:20-04:00
  production: 2017-10-19T14:42:03-04:00   5aca7991ceb9707d2aaf7986057f91b1
snippets/respond.liquid:
  development: 2017-09-14T12:38:20-04:00
  production: 2017-09-14T12:10:40-04:00   ca6abf0635dc2ad8c6bd377f83c79f6b
snippets/search-bar.liquid:
  development: 2017-09-14T12:38:20-04:00
  production: 2017-09-14T12:10:40-04:00   1b1e96abe10315b72e276dc02a2a3b90
snippets/social-meta-tags.liquid:
  development: 2017-09-14T12:38:20-04:00
  production: 2017-09-14T12:10:40-04:00   e7c97d7cb76c7925dd144dfb7b188cac
snippets/swatch.liquid:
  development: 2017-09-14T12:38:20-04:00
  production: 2017-09-14T12:10:40-04:00   54aa907be82990eee1a298a76fe66a92
snippets/tags-article.liquid:
  development: 2017-09-14T12:38:20-04:00
  production: 2017-09-14T12:10:40-04:00   52bc59a44a51be2f1745559c2ba514a2
templates/404.liquid:
  development: 2017-09-14T12:38:20-04:00
  production: 2017-09-14T12:10:40-04:00   44a6b0129de575e7085a047bc2096a76
templates/article.liquid:
  development: 2017-09-14T12:38:21-04:00
  production: 2017-09-14T12:10:40-04:00   ff67120cd7978f6390cdb79827f34d02
templates/blog.liquid:
  development: 2017-09-14T12:38:21-04:00
  production: 2017-09-14T12:10:40-04:00   2d2ff4bd1bf2ef7ce2b889d6a95c6f74
templates/cart.liquid:
  development: 2017-09-14T12:38:21-04:00
  production: 2017-09-14T12:10:40-04:00   49bbbe1b3bda19110f7e72abc158bb91
templates/collection.deals.liquid:
  development: 2017-09-14T12:38:21-04:00
  production: 2017-10-24T13:19:10-04:00   de4f43f3d7bc361ffa55cfbd9b1a9431
templates/collection.department.liquid:
  development: 2017-09-14T12:38:21-04:00
  production: 2017-10-24T13:19:16-04:00   de4f43f3d7bc361ffa55cfbd9b1a9431
templates/collection.liquid:
  development: 2017-09-14T12:38:21-04:00
  production: 2017-11-02T18:06:05-04:00   4d0e7524fdc216b15861b62e871f149d
templates/collection.list.liquid:
  development: 2017-09-14T12:38:21-04:00
  production: 2017-11-02T18:12:15-04:00   8564b6da70d6e1af2f3d837b8b933ba3
templates/collection.shop3.liquid:
  production: 2017-11-02T17:55:33-04:00   af0498a6e0f09b8ec823c8cfde22ccdd
templates/customers/account.liquid:
  development: 2017-09-14T12:38:21-04:00
  production: 2017-09-14T12:10:40-04:00   da9e3584ef6699ac5c811b73b42c58db
templates/customers/addresses.liquid:
  development: 2017-09-14T12:38:21-04:00
  production: 2017-09-14T12:10:40-04:00   998f4a7deb6a33d014cbc3f0075b8050
templates/customers/login.liquid:
  development: 2017-09-14T12:38:21-04:00
  production: 2017-09-14T12:10:40-04:00   e292c0a273f17c7835d558e1b61149cf
templates/customers/register.liquid:
  development: 2017-09-14T12:38:21-04:00
  production: 2017-09-14T12:10:40-04:00   77a294477ea2d6de5861f583e2a05051
templates/gift_card.liquid:
  development: 2017-09-14T12:38:21-04:00
  production: 2017-09-14T12:10:40-04:00   aa22161f8674106b58a592821f56bc29
templates/index.liquid:
  development: 2017-09-14T12:38:21-04:00
  production: 2017-11-08T03:36:46-05:00   5a2f3983ee30d3def4b6ee9b474902a8
templates/page.shop-by-brands.liquid:
  production: 2017-10-18T04:57:59-04:00   8a574ab3cede129f7f6e1ab59c01559f
templates/product.liquid:
  development: 2017-10-18T05:09:41-04:00
  production: 2017-10-23T18:19:53-04:00   218c4d146b530e8acdd13bed13b2daea
templates/search.liquid:
  development: 2017-09-14T12:38:21-04:00
  production: 2017-10-27T14:04:23-04:00   9180403d0b7cad6997664922a0859dae
