# THIS IS AN AUTOGENERATED FILE. DO NOT EDIT THIS FILE DIRECTLY.
assets/14oz-pint-glass.png:
  development: 2018-01-15T11:01:05-05:00   832abe13dc5f69d3abc7fdb01405b637
assets/810-black.png:
  development: 2018-01-15T11:01:05-05:00   1c97160df740a570b7a029f139acaa28
assets/810.png:
  development: 2018-01-15T11:01:05-05:00   47d1f069fabe40202344a679f4081222
assets/FontAwesome.otf:
  development: 2018-01-15T11:01:06-05:00   0d2717cd5d853e5c765ca032dfd41a4d
assets/Graphik-Medium-Web.eot:
  development: 2018-01-15T11:01:06-05:00   768652b2a5be312177bc4368e8aff0ed
assets/Graphik-Medium-Web.ttf:
  development: 2018-01-15T11:01:06-05:00   612897218f6e2e9189fe29ae396784a1
assets/Graphik-Medium-Web.woff:
  development: 2018-01-15T11:01:07-05:00   3bdc9671adca3867691f1c2c04f743f7
assets/Graphik-Medium-Web.woff2:
  development: 2018-01-15T11:01:07-05:00   505a91668b26ea2b751e6853d623eb4b
assets/Graphik-Medium-Web_1.svg:
  development: 2018-01-15T11:01:07-05:00   c69ef6463d32077ba3caf90d8b4eae46
assets/Graphik-Regular-Web.eot:
  development: 2018-01-15T11:01:08-05:00   975aa57a28303c63da778c23ed721b07
assets/Graphik-Regular-Web.ttf:
  development: 2018-01-15T11:01:08-05:00   3d66625c61c5fa2ada9d63b08c8fabc4
assets/Graphik-Regular-Web.woff:
  development: 2018-01-15T11:01:08-05:00   be8bbbf342a020bd5f0d2e7b1ff63bf4
assets/Graphik-Regular-Web.woff2:
  development: 2018-01-15T11:01:08-05:00   514717dab2c14d3ee13b6ac95082b99c
assets/Guardian-EgypTT-Light.eot:
  development: 2018-01-15T11:01:09-05:00   c8931a36319b59ed45dbf5bfa49d6934
assets/Guardian-EgypTT-Light.svg:
  development: 2018-01-15T11:01:09-05:00   a4d977ef06b4ee33d6f4e16917a4cbee
assets/Guardian-EgypTT-Light.ttf:
  development: 2018-01-15T11:01:09-05:00   e0180cb064b92b838804b2d1fd3a33d6
assets/Guardian-EgypTT-Light.woff:
  development: 2018-01-15T11:01:09-05:00   d8af2c7eafabfa461145baf1b09783ec
assets/Guardian-EgypTT-Light.woff2:
  development: 2018-01-15T11:01:09-05:00   3e9fd254be91f22bb93671065e929c0c
assets/Guardian-EgypTT-Medium.eot:
  development: 2018-01-15T11:01:10-05:00   d068f10114af1b61b4856c961394dac8
assets/Guardian-EgypTT-Medium.svg:
  development: 2018-01-15T11:01:10-05:00   f24590c808eaf0aa0b9b02e13dd3694e
assets/Guardian-EgypTT-Medium.ttf:
  development: 2018-01-15T11:01:10-05:00   fe3cd0c3d80289d19f0307da29b3895b
assets/Guardian-EgypTT-Medium.woff:
  development: 2018-01-15T11:01:10-05:00   9a4668ecfd2ba2689a434fe13d3af6b2
assets/Guardian-EgypTT-Medium.woff2:
  development: 2018-01-15T11:01:10-05:00   9df12770cecc76cb654a6f41cd5885bc
assets/Mission_Point_IconicDesignGraphic_Navy.png:
  development: 2018-01-15T11:01:11-05:00   e96f7aa3cb712d814b9bb8b42f2d584a
assets/White.png:
  development: 2018-01-15T11:01:11-05:00   6359ae4d9e7eec293559ede5dbe9fafa
assets/about-us.jpg:
  development: 2018-01-15T11:01:11-05:00   2eb1bc39494b7682e4037136abfed093
assets/ajax-cart.js.liquid:
  development: 2018-01-15T11:01:11-05:00   e64661822c78edf10f7ffa8fffc85438
assets/apps.css.liquid:
  development: 2018-01-15T11:01:12-05:00   405ca4c2c4be3bd695dfde8b12058a8c
assets/aqua-green.png:
  development: 2018-01-15T11:01:12-05:00   0aec4d1f0d47dbc9e374d13205931183
assets/ash.png:
  development: 2018-01-15T11:01:12-05:00   d70560dc9243307e4cce646653c14b2c
assets/athletic-heather.png:
  development: 2018-01-15T11:01:12-05:00   338db6faea99f6aa541798f7631e47c3
assets/bacon-menu.css:
  development: 2018-01-15T11:01:13-05:00   4119eb1754c708d1833ab53bd488d90e
assets/black-charcoal.png:
  development: 2018-01-15T11:01:13-05:00   c76df3d4d980c0f2f3b4647c8bc93ab4
assets/black.png:
  development: 2018-01-15T11:01:13-05:00   f0134b1bdafda330d85aa9c8aaf2830f
assets/block-h.png:
  development: 2018-01-15T11:01:13-05:00   e14db54f4cc92463b11896129d6457d4
assets/brochure-img.jpg:
  development: 2018-01-15T11:01:13-05:00   840efad4c62244fd88405f6ebc841f0d
assets/cabin-creek.jpg:
  development: 2018-01-15T11:01:13-05:00   da19004f65b3f55869f1fa60038cd3cf
assets/cabin-creek.png:
  development: 2018-01-15T11:01:14-05:00   63129c2ca15aa79b67357d15fbae3f16
assets/cabin_creek.png:
  development: 2018-01-15T11:01:14-05:00   63129c2ca15aa79b67357d15fbae3f16
assets/carolina-blue.png:
  development: 2018-01-15T11:01:14-05:00   b59779a4e453b8a01602909b003084ce
assets/charcoal.png:
  development: 2018-01-15T11:01:14-05:00   0895963d48a95d57cd30bac2bb898754
assets/city-state-bulge-black.png:
  development: 2018-01-15T11:01:14-05:00   05a173aa63de5d6a37d7bb0c39d456a7
assets/city-state-bulge.png:
  development: 2018-01-15T11:01:14-05:00   41ff7bc46a949bf67f559e24d87cd276
assets/city-state-stateimage-black.png:
  development: 2018-01-15T11:01:15-05:00   cad933f6afd516876362565a17474394
assets/city-state-stateimage.png:
  development: 2018-01-15T11:01:15-05:00   09ce58c102b5993c86f097a6fddb7319
assets/close-cart.svg:
  development: 2018-01-15T11:01:15-05:00   d0d9b59b6cd4a380e9457fd630e432cf
assets/concrete-canoe-logo.png:
  development: 2018-01-15T11:01:15-05:00   3e02541ee21841323d96f0c55bbd67ec
assets/contact-us-banner.png:
  development: 2018-01-15T11:01:15-05:00   10331ad08ad1d5202b63ea4817103d48
assets/coyote-silhouette.png:
  development: 2018-01-15T11:01:16-05:00   e48dff5251e3969908d757178d8f27d2
assets/crest-_-helmet.png:
  development: 2018-01-15T11:01:16-05:00   8f12f74d4f113910f107304c7de91ef6
assets/crest-and-helmet.png:
  development: 2018-01-15T11:01:16-05:00   8f12f74d4f113910f107304c7de91ef6
assets/dd-946.png:
  development: 2018-01-15T11:01:17-05:00   b6e974cc9fb83094c922e0dd31ef27d8
assets/deep-forest.png:
  development: 2018-01-15T11:01:17-05:00   1b7d43e0a2582eb6c68a5e789885b2ed
assets/deep-navy.png:
  development: 2018-01-15T11:01:17-05:00   a5646260ab815ddf033d4392518c42bf
assets/deep-red.png:
  development: 2018-01-15T11:01:17-05:00   1ea9e03b88937a5bb8993437c15b4e73
assets/deep-royal.png:
  development: 2018-01-15T11:01:17-05:00   32cb29d77069fd34c70e9384e5cb8ea1
assets/denim-blue.png:
  development: 2018-01-15T11:01:18-05:00   d95f2bf93a845b429d47640e2cc56734
assets/do-you-euchre.png:
  development: 2018-01-15T11:01:18-05:00   bd54323a3793eb223f87f91e99a7e4b5
assets/do_you_euchre.png:
  development: 2018-01-15T11:01:18-05:00   bd54323a3793eb223f87f91e99a7e4b5
assets/down-arrow.svg:
  development: 2018-01-15T11:01:18-05:00   dc4bcdf9f8e9a347d818e0e781b75eeb
assets/established-black.png:
  development: 2018-01-15T11:01:19-05:00   bab8be982e90ce81b63ee2cb1d8f3b55
assets/established.png:
  development: 2018-01-15T11:01:19-05:00   7e8f9ad884e257fc6442870cdf3635bf
assets/explore-mi.png:
  development: 2018-01-15T11:01:26-05:00   13ca8bad58e02bc63dd6700b987309d3
assets/explore.png:
  development: 2018-01-15T11:01:27-05:00   4eecb7ae5255c3f597cf63c3c63253fd
assets/fast.svg:
  development: 2018-01-15T11:01:27-05:00   d42def859797cf7311e8a3161705004a
assets/fastclick.min.js:
  development: 2018-01-15T11:01:27-05:00   4c68290ccc4d503561895dff0821621f
assets/favicon.png:
  development: 2018-01-15T11:01:27-05:00   387bd12774e921c456d3ed86d1e976f4
assets/flexslider-arrow.png:
  development: 2018-01-15T11:01:27-05:00   841343f2f679a537358dcb7cf81aa09b
assets/flexslider-icon.eot:
  development: 2018-01-15T11:01:27-05:00   9c9cb7a6055043933ba68854f521af45
assets/flexslider-icon.svg:
  development: 2018-01-15T11:01:28-05:00   10e8a5455c4522c48aa975eacd4f0023
assets/flexslider-icon.ttf:
  development: 2018-01-15T11:01:28-05:00   b4c9e5057989b9727a5df4e0a21af33c
assets/flexslider-icon.woff:
  development: 2018-01-15T11:01:28-05:00   f8b92f66539473eea649c8514eb836a0
assets/flexslider-product.css.liquid:
  development: 2018-01-15T11:01:28-05:00   54de36efd3c742f6025bc106e92e9621
assets/fontawesome-webfont.eot:
  development: 2018-01-15T11:01:28-05:00   674f50d287a8c48dc19ba404d20fe713
assets/fontawesome-webfont.svg:
  development: 2018-01-15T11:01:29-05:00   912ec66d7572ff821749319396470bde
assets/fontawesome-webfont.ttf:
  development: 2018-01-15T11:01:29-05:00   b06871f281fee6b241d60582ae9369b9
assets/fontawesome-webfont.woff:
  development: 2018-01-15T11:01:29-05:00   fee66e712a8a08eef5805a46892932ad
assets/fontawesome-webfont.woff2:
  development: 2018-01-15T11:01:29-05:00   af7ae505a9eed503f8b8e6982036873e
assets/front-coyote.png:
  development: 2018-01-15T11:01:30-05:00   e81d1bbf0911b60b903079b3d5efd469
assets/gift-card.scss.liquid:
  development: 2018-01-15T11:01:30-05:00   c4d99d6414af35760c5112b609962e87
assets/girl-dealer.png:
  development: 2018-01-15T11:01:30-05:00   f410e270f2b9494e4cecbbbef626af62
assets/gold.png:
  development: 2018-01-15T11:01:30-05:00   3687a385fe75d93a20c6b7535b0e6b31
assets/grand-traverse-black.png:
  development: 2018-01-15T11:01:33-05:00   f0306b9fdb7aa350391d059874cd299f
assets/grand-traverse-white.png:
  development: 2018-01-15T11:01:35-05:00   4cb8d38d1201693522864ba641ceca12
assets/great-dog-design-shop.jpg:
  development: 2018-01-15T11:01:35-05:00   c3f664600e7c4cd67f5d6ea875691ce4
assets/gunsmoke.png:
  development: 2018-01-15T11:01:35-05:00   3a7d2ed11cdabdbd7ae09315096071ed
assets/guy-dealer.png:
  development: 2018-01-15T11:01:35-05:00   00856066d2f8cc422d695caf6af6c83d
assets/handlebars.min.js:
  development: 2018-01-15T11:01:35-05:00   b3c11508a224ee83f86e2fc6491e9751
assets/heart.svg:
  development: 2018-01-15T11:01:36-05:00   28d7334c04dc38dbf4ddce26f8b5ab33
assets/heather-athletic-maroon.png:
  development: 2018-01-15T11:01:36-05:00   2dd26b539052ab9a0a56d3a410398fac
assets/heather-black.png:
  development: 2018-01-15T11:01:36-05:00   95316ba6d102f188c8e4dcd87d373c25
assets/heather-navy.png:
  development: 2018-01-15T11:01:37-05:00   a83696ae1963eab86007c9451d009a36
assets/heather-royal.png:
  development: 2018-01-15T11:01:37-05:00   147832e164868df8e40e600f98a82c6d
assets/hero-left-bg.png:
  development: 2018-01-15T11:01:37-05:00   e7478c8e596b5e45974299d2d39a83c2
assets/hero-right-bg.png:
  development: 2018-01-15T11:01:38-05:00   bd0b3491013081c39812261a28495d9b
assets/home-flexslider.css.liquid:
  development: 2018-01-15T11:01:38-05:00   76370a0ae3fa8309bffa1a2da54dea44
assets/home-grown-black.png:
  development: 2018-01-15T11:01:38-05:00   0afffb92d410662275d45b7098cb3b36
assets/home-grown.png:
  development: 2018-01-15T11:01:38-05:00   722d65a21ac8e4a079b592188f8fe510
assets/hover.css:
  development: 2018-01-15T11:01:38-05:00   6028db2eacf7f8c58bcf6f52c98fa314
assets/howell-block.png:
  development: 2018-01-15T11:01:38-05:00   e14db54f4cc92463b11896129d6457d4
assets/i-heart-euchre.png:
  development: 2018-01-15T11:01:39-05:00   4683940a19c259c83e85aa79df2d838c
assets/i-love-euchre.png:
  development: 2018-01-15T11:01:39-05:00   3cf0fbb875935b5c1fd249e2627bb8f6
assets/i-must-go.png:
  development: 2018-01-15T11:01:40-05:00   9efe2ef5a525549f7b91c27d415e7efa
assets/i_m-going-alone.png:
  development: 2018-01-15T11:01:40-05:00   a72019cf5793631477c7295f319a5f28
assets/ico-select.svg.liquid:
  development: 2018-01-15T11:01:40-05:00   9c9cc5a57cc74a0a64c2f62b1370a920
assets/iconic-design.png:
  development: 2018-01-15T11:01:40-05:00   e96f7aa3cb712d814b9bb8b42f2d584a
assets/icons.eot:
  development: 2018-01-15T11:01:41-05:00   6499aa740322bffbb6e26ebadf450c4a
assets/icons.json:
  development: 2018-01-15T11:01:41-05:00   6f9018585c3e215e29cef8e390091787
assets/icons.svg:
  development: 2018-01-15T11:01:41-05:00   1f568afd815839eae6eb796a52a497a6
assets/icons.ttf:
  development: 2018-01-15T11:01:41-05:00   0678272006d7b08a523ae6973a72d181
assets/icons.woff:
  development: 2018-01-15T11:01:41-05:00   6d64bee3b4d239a6cf6af98045a95954
assets/jet-black.png:
  development: 2018-01-15T11:01:41-05:00   36a992f8a5295775f29c075fc8d55890
assets/jquery.magnific-popup.min.js:
  development: 2018-01-15T11:01:41-05:00   f7501bc9635986cd6e48f19c989276be
assets/jquery.min.js:
  development: 2018-01-15T11:01:42-05:00   618538b4ab9639d444e962729a927f15
assets/kelly-green.png:
  development: 2018-01-15T11:01:42-05:00   fec77afcc007750c97d27bee508b8c0d
assets/kids-carolina-blue-hoodie-99mainstreet.png:
  development: 2018-01-15T11:01:43-05:00   ccfdcc3c12b52e27a0b90708a6bf2957
assets/kids-charcoal-hoodie-99mainstreet.png:
  development: 2018-01-15T11:01:43-05:00   1cfd75e769294b80a79d45fda6335114
assets/kids-jet-black-hoodie-99mainstreet.png:
  development: 2018-01-15T11:01:44-05:00   c8c7d556654b1a8e9b366dc010f59636
assets/kids-maroon-hoodie-99mainstreet.png:
  development: 2018-01-15T11:01:45-05:00   a58f936447d14ea6b951dfd46110cc8f
assets/kids-royal-hoodie-99mainstreet.png:
  development: 2018-01-15T11:01:45-05:00   bb057a8015780ffdc3188167043b13df
assets/ladies-explore.png:
  development: 2018-01-15T11:01:46-05:00   d60a758598e1bbd1d5793413e536bb51
assets/light-blue.png:
  development: 2018-01-15T11:01:46-05:00   fa2520d19c05c1b6eeabad7da7411757
assets/light-royal.png:
  development: 2018-01-15T11:01:46-05:00   03f803096de92b6f9d9bc23e10082359
assets/light-steel.png:
  development: 2018-01-15T11:01:46-05:00   ead50f3fabc53e516d6c2a7fa7d2fa0d
assets/lime-green.png:
  development: 2018-01-15T11:01:46-05:00   544992b729030ddd7c308b17ba74c5ab
assets/lime.png:
  development: 2018-01-15T11:01:46-05:00   64d237f2d32304d64e94e57b369ea6be
assets/loading.gif:
  development: 2018-01-15T11:01:46-05:00   14a9473c342409c64c3d1fc3118cddca
assets/lock.svg:
  development: 2018-01-15T11:01:47-05:00   4bbfce6e2c129ed2450b2b0ffc190403
assets/logo-Becharas Coffee.png:
  development: 2018-01-15T11:01:47-05:00   0054cb8374bf2bf6d864a895ba5d66f7
assets/logo-old.png:
  development: 2018-01-15T11:01:47-05:00   42c3b13b54b60270a9a217841ebbe933
assets/logo.png:
  development: 2018-01-15T11:01:47-05:00   85404419ecd9603ea7c139f87a3da7ac
assets/logo.svg:
  development: 2018-01-15T11:01:47-05:00   42be5b9b7a116c1beac0d00d7dae040b
assets/made-in-marysville-black.png:
  development: 2018-01-15T11:01:48-05:00   10a632908d6bc8c04db7bcdb4f28673f
assets/made-in-marysville.png:
  development: 2018-01-15T11:01:48-05:00   f9b261b35da1fa39fb89c7c22636094a
assets/maroon.png:
  development: 2018-01-15T11:01:48-05:00   97be82b191a9f1447b2976a0f4cf120c
assets/marysville-arched-black.png:
  development: 2018-01-15T11:01:48-05:00   7cb9997211c220041c198d375b9c5a96
assets/marysville-arched.png:
  development: 2018-01-15T11:01:48-05:00   1ecd1184e2c72e8e01420216fbffbdeb
assets/marysville-boats-black.png:
  development: 2018-01-15T11:01:48-05:00   13ae04e9e1d96246e89546163fb54824
assets/marysville-boats.png:
  development: 2018-01-15T11:01:49-05:00   629da5dc2f7b74173549fe18cabe891d
assets/marysville-circle-white.png:
  development: 2018-01-15T11:01:49-05:00   069e989053f72a9deb5278310b715006
assets/marysville-circle.png:
  development: 2018-01-15T11:01:49-05:00   954e5e72e089d18e2bb9916a1251c041
assets/marysville-original.png:
  development: 2018-01-15T11:01:49-05:00   6580ad9caae1104119dc4f05ece7109f
assets/marysville-stacked-white.png:
  development: 2018-01-15T11:01:50-05:00   4c1067f3323a2a157df44b6963471c2f
assets/marysville-stacked.png:
  development: 2018-01-15T11:01:50-05:00   5d6f055f4599eb94c752d5dec8d67a8b
assets/marysville-vs-everybody-black.png:
  development: 2018-01-15T11:01:50-05:00   6f1f5fec78e7b0fbba0aa4d7224fefdf
assets/marysville-vs-everybody.png:
  development: 2018-01-15T11:01:50-05:00   9caa12ebf30711db7492ac0d92a31fdc
assets/marysville_original-black.png:
  development: 2018-01-15T11:01:50-05:00   5c25ddc9d505924f0fcdcd6966769133
assets/men_s-black-polo-99mainstreet.png:
  development: 2018-01-15T11:01:51-05:00   1006456a866029c5fd3b5e900358d303
assets/mens-ash-tshirt-99mainstreet.png:
  development: 2018-01-15T11:01:52-05:00   fc898f5e1c1192a9c0557d0a6301217b
assets/mens-black-polo-99mainstreet.png:
  development: 2018-01-15T11:01:52-05:00   1006456a866029c5fd3b5e900358d303
assets/mens-black-tshirt-99mainstreet.png:
  development: 2018-01-15T11:01:52-05:00   b1fc59f57b3915e8aa095c7eee2361f4
assets/mens-carolina-blue-hoodie-99mainstreet.png:
  development: 2018-01-15T11:01:53-05:00   40cd637e6bbb0d86b804339728606095
assets/mens-charcoal-hoodie-99mainstreet.png:
  development: 2018-01-15T11:01:53-05:00   37d1d8c239a9dcadee7c0e912bf927c9
assets/mens-deep-forest-polo-99mainstreet.png:
  development: 2018-01-15T11:01:54-05:00   5c6cdc3335610b313db0d31f00c6f043
assets/mens-deep-red-polo-99mainstreet.png:
  development: 2018-01-15T11:01:54-05:00   ad3b2e4d62161787fea23fe2a495bb28
assets/mens-deep-red-tshirt-99mainstreet.png:
  development: 2018-01-15T11:01:55-05:00   35d9c5d3e01cb5174166a3e5d23744eb
assets/mens-deep-royal-polo-99mainstreet.png:
  development: 2018-01-15T11:01:55-05:00   b374be3748ca8eb25759b82b5dba7735
assets/mens-denim-tshirt-99mainstreet.png:
  development: 2018-01-15T11:01:55-05:00   e09c41f38c1141a93ecf76c9c623ad91
assets/mens-gold-tshirt-99mainstreet.png:
  development: 2018-01-15T11:01:56-05:00   c77ce70e2ed665988a8d4195d1a56354
assets/mens-jet-black-hoodie-99mainstreet.png:
  development: 2018-01-15T11:01:57-05:00   5ebb3fb778c1291bb6bb63194cf3866e
assets/mens-kelly-green-tshirt-99mainstreet.png:
  development: 2018-01-15T11:01:58-05:00   ed64459a96e28dc9274bdabba0899f61
assets/mens-light-blue-polo-99mainstreet.png:
  development: 2018-01-15T11:01:58-05:00   b530441c4f09eb1c712ddc247c630aaf
assets/mens-light-blue-tshirt-99mainstreet.png:
  development: 2018-01-15T11:01:59-05:00   69a72339f9f06bf5f080756e2802256f
assets/mens-light-steel-tshirt-99mainstreet.png:
  development: 2018-01-15T11:02:00-05:00   e8a319f0c55e67dcf1421aafc8e22ac0
assets/mens-lime-tshirt-99mainstreet.png:
  development: 2018-01-15T11:02:00-05:00   9d7f5bdccfb34bcc455637ff6df0ad13
assets/mens-maroon-hoodie-99mainstreet.png:
  development: 2018-01-15T11:02:01-05:00   00cda29617d8d40678275f6861ed872e
assets/mens-maroon-polo-99mainstreet.png:
  development: 2018-01-15T11:02:01-05:00   6cc373f080ac3b603e658e2b29615a63
assets/mens-navy-blue-polo-99mainstreet.png:
  development: 2018-01-15T11:02:01-05:00   5d90bcf6d9313d7165e274d66908945d
assets/mens-orange-polo-99mainstreet.png:
  development: 2018-01-15T11:02:02-05:00   a3cf2160f750fee43a153b5631e13f7d
assets/mens-purple-polo-99mainstreet.png:
  development: 2018-01-15T11:02:02-05:00   53210e450454e4021342dc97d15dc1a7
assets/mens-sand-tshirt-99mainstreet.png:
  development: 2018-01-15T11:02:03-05:00   5ac179c08bde12d5bc45001bc07a31fb
assets/mens-smoke-grey-tshirt-99mainstreet.png:
  development: 2018-01-15T11:02:04-05:00   20261539a877b761506c38210e8a0f4e
assets/mens-teal-hoodie-99mainstreet.png:
  development: 2018-01-15T11:02:04-05:00   9ef5e024bcd5df9fceeb286e783e3661
assets/mens-white-polo-99mainstreet.png:
  development: 2018-01-15T11:02:04-05:00   d8bb924efbb97c09b59cca3b0c3c858d
assets/modernizr.min.js:
  development: 2018-01-15T11:02:05-05:00   dc21cffad945a84cbbe770d52b1a0ded
assets/moss-green.png:
  development: 2018-01-15T11:02:05-05:00   40a05f067c5c7f2fad26eb8a3a015d02
assets/navy.png:
  development: 2018-01-15T11:02:05-05:00   38be445fc5ff9375b4423d85cf65b222
assets/neon-blue.png:
  development: 2018-01-15T11:02:05-05:00   50af8f66828f5ba67f4136217faf26cb
assets/neon-green.png:
  development: 2018-01-15T11:02:05-05:00   c09437f7f94a7de66f7389ed8322ecaf
assets/neon-pink.png:
  development: 2018-01-15T11:02:05-05:00   5ebfb44095b1e1e50c1fa9109b6ed086
assets/neon-yellow.png:
  development: 2018-01-15T11:02:05-05:00   3197f293a7d8e04f0afb9f0bbd972c50
assets/newest-banner.png:
  development: 2018-01-15T11:02:06-05:00   56b6ee8c102d192f0223cf477ae31e39
assets/newest-banner3.png:
  development: 2018-01-15T11:02:06-05:00   67db03c0e922a5dcc8795af876b477b7
assets/orange.png:
  development: 2018-01-15T11:02:06-05:00   04fe300d98e9b8271b0ef5cb5ef3d4bd
assets/pale-pink.png:
  development: 2018-01-15T11:02:06-05:00   67e876c803daa373bdd6571001c89907
assets/pearl-grey.png:
  development: 2018-01-15T11:02:07-05:00   73fd5392b52b490316d789a1948b6e63
assets/picturedrocks-explore.png:
  development: 2018-01-15T11:02:07-05:00   cd223110ddeaac877358017088cc8c2b
assets/picturedrocks-letsventure.png:
  development: 2018-01-15T11:02:08-05:00   76c77d1c711d3b1b23b6b7136c187364
assets/pink-raspberry.png:
  development: 2018-01-15T11:02:08-05:00   407d9a747a6f8be0225e5c9d43b2ea76
assets/property-of-athletic-department-black.png:
  development: 2018-01-15T11:02:08-05:00   b9256e3f586a3f4abb793ea7aa4781a6
assets/property-of-athletic-department.png:
  development: 2018-01-15T11:02:09-05:00   9b271c20aa5ab977844f88639f8ac54e
assets/purple.png:
  development: 2018-01-15T11:02:09-05:00   6bb89649c198d1b6be442bf30a2e02bc
assets/question_mark-min.png:
  development: 2018-01-15T11:02:09-05:00   9d96a03993456add7d64e2e035d11bc6
assets/respond-proxy.html:
  development: 2018-01-15T11:02:09-05:00   75002d74a330bff6bf069284da503b4c
assets/respond.min.js:
  development: 2018-01-15T11:02:09-05:00   a2684e9b8fa50d6d11c56a9ada068528
assets/roboto-bold.eot:
  development: 2018-01-15T11:02:10-05:00   4c6f14b80ef09ca7460664d6392d5227
assets/roboto-bold.svg:
  development: 2018-01-15T11:02:10-05:00   3e91a6e968629ef35be29479071854cf
assets/roboto-bold.ttf:
  development: 2018-01-15T11:02:10-05:00   9c8e35d30cbe785198870beda4ec9044
assets/roboto-bold.woff:
  development: 2018-01-15T11:02:11-05:00   8ab4d69ed3698ebf9495c640c0a61338
assets/roboto-light.eot:
  development: 2018-01-15T11:02:11-05:00   9785ac657061fbd5a3cbf65e36e487e5
assets/roboto-light.svg:
  development: 2018-01-15T11:02:11-05:00   db840b61b53363559031727bf77e6ade
assets/roboto-light.ttf:
  development: 2018-01-15T11:02:11-05:00   2bfa9a9fb954ab29ac182b24c11de103
assets/roboto-light.woff:
  development: 2018-01-15T11:02:12-05:00   55344f42e5764241df297ef74a69ce9c
assets/roboto-medium.eot:
  development: 2018-01-15T11:02:12-05:00   c67866be7810d5c68cf93be74581f5e6
assets/roboto-medium.svg:
  development: 2018-01-15T11:02:14-05:00   d4073390159d4b8d85669b6a50ff62b7
assets/roboto-medium.ttf:
  development: 2018-01-15T11:02:14-05:00   1264f9a6210ed61fc00ba316a46c71d7
assets/roboto-medium.woff:
  development: 2018-01-15T11:02:14-05:00   f853ea94afc16ad7264be8acecc5005c
assets/roboto-regular.eot:
  development: 2018-01-15T11:02:15-05:00   ec216e32828314c17a8d53d1c3ae73ed
assets/roboto-regular.svg:
  development: 2018-01-15T11:02:15-05:00   bcd48b9db26ff95dbf3fe59450028203
assets/roboto-regular.ttf:
  development: 2018-01-15T11:02:15-05:00   758cc7bee4366aff1a1f3d84545bae33
assets/roboto-regular.woff:
  development: 2018-01-15T11:02:15-05:00   7eed82dc103e594f89238c6f0e968de7
assets/roboto-thin.eot:
  development: 2018-01-15T11:02:16-05:00   252f4956e20d717e0c9e76ea4909874c
assets/roboto-thin.svg:
  development: 2018-01-15T11:02:16-05:00   d9627e37a7dbafc8a94c5c2a6c908433
assets/roboto-thin.ttf:
  development: 2018-01-15T11:02:16-05:00   a410c60d5f113a03cb0b67bde4838df7
assets/roboto-thin.woff:
  development: 2018-01-15T11:02:16-05:00   d3013e1abfeb7f243811003184767c83
assets/rocks-glass.png:
  development: 2018-01-15T11:02:17-05:00   c94eb5423ba5d6d484a09cb803e842d1
assets/royal-blue.png:
  development: 2018-01-15T11:02:17-05:00   19090e171a1336b768c7bb15e0350481
assets/royal.png:
  development: 2018-01-15T11:02:17-05:00   b8d6f2a56d8b75efdd08e53ece3936e1
assets/sand.png:
  development: 2018-01-15T11:02:17-05:00   4b37035b2eeea2221e7719d1d1a31221
assets/saving-ribbon.svg:
  development: 2018-01-15T11:02:17-05:00   99f58253bf8d2e326c03193db48e8f93
assets/secure.svg:
  development: 2018-01-15T11:02:17-05:00   6f8eeec2cd289f547c292a59d4758938
assets/shopstorm-apps.js.liquid:
  development: 2018-01-15T11:02:17-05:00   e22c2d184c1b52f5c7d7fcafda2e8941
assets/shopstorm-apps.scss.liquid:
  development: 2018-01-15T11:02:18-05:00   0a592105e59ee640dcd5d1d4d27f4163
assets/slideshow_1.jpg:
  development: 2018-01-15T11:02:18-05:00   9acc8e506f07d58fc9942808a596273c
assets/slideshow_2.jpg:
  development: 2018-01-15T11:02:18-05:00   9b58d676366612b69708d083ca1003b5
assets/smoke-grey.png:
  development: 2018-01-15T11:02:18-05:00   051cf92247abf3a664376fd9609fdc45
assets/social-icon-facebook.png:
  development: 2018-01-15T11:02:19-05:00   0786e687c2bfba25a699e05d91f13e86
assets/social-icon-facebook_2x.png:
  development: 2018-01-15T11:02:19-05:00   7a3fda893a400ee5dc876690e3840e68
assets/social-icon-instagram.png:
  development: 2018-01-15T11:02:19-05:00   f50c43e1d7f5e8d1d025860fbfedf946
assets/social-icon-instagram_2x.png:
  development: 2018-01-15T11:02:19-05:00   7c5dafdebacce34f696b511ab9592e18
assets/social-icon-pinterest.png:
  development: 2018-01-15T11:02:19-05:00   f45340dadbba628fe86aa37002a66196
assets/social-icon-pinterest_2x.png:
  development: 2018-01-15T11:02:19-05:00   134f2a8aa50c1879b6553d25fe3dd1c6
assets/social-icon-twitter.png:
  development: 2018-01-15T11:02:19-05:00   0319884988c1dd392681b5d8511e7242
assets/social-icon-twitter_2x.png:
  development: 2018-01-15T11:02:20-05:00   41232162de0c04158103fe9467b2d4f9
assets/soldout.png:
  development: 2018-01-15T11:02:20-05:00   6a7697db19e17aae7568e216c2b365af
assets/southwest-coyotes.png:
  development: 2018-01-15T11:02:20-05:00   debd13bcba198bbc1967b1986fd45b14
assets/stemless-red-wine-glass.png:
  development: 2018-01-15T11:02:20-05:00   5040671d6ce7409f2b281173cb225619
assets/stemless-white-wine-glass.png:
  development: 2018-01-15T11:02:21-05:00   7f7c6db47380a61dee7504958cd3ba41
assets/swatch.css.liquid:
  development: 2018-01-15T11:02:21-05:00   5772dc29fc170f449da160d6d327fb56
assets/swiper.min.css:
  development: 2018-01-15T11:02:21-05:00   4616e5352a60fd874e077c55bd1001b4
assets/swiper.min.js:
  development: 2018-01-15T11:02:21-05:00   1c59c2b171d7a162d30fc83ce4ac7fa4
assets/teal.png:
  development: 2018-01-15T11:02:21-05:00   934ffcd19b12e0b96a6704aa6ac912ad
assets/timber.js.liquid:
  development: 2018-01-15T11:02:22-05:00   0d843eabe91c5a7da4cea1eab50a4099
assets/timber.scss.liquid:
  development: 2018-01-15T11:02:22-05:00   38f5a14b7f5eeed3a7d9eba9c35a70eb
assets/timber_bkup.scss.liquid:
  development: 2018-01-15T11:02:22-05:00   5b61055142807684af865597fd274e5e
assets/true-navy.png:
  development: 2018-01-15T11:02:23-05:00   9dee13917087ff61aec44adc440bb359
assets/vendors.js.liquid:
  development: 2018-01-15T11:02:23-05:00   67933cc26c18c9830dcd74afbf2895d2
assets/vintage-red.png:
  development: 2018-01-15T11:02:23-05:00   11211d7d48dc5331cec0699e1d72399e
assets/washed-green.png:
  development: 2018-01-15T11:02:23-05:00   b8fe02ca82a07fd600e712b77a643e30
assets/washed-red.png:
  development: 2018-01-15T11:02:24-05:00   e4c2f3e10835fcce005357c190e8c3ed
assets/watermelon.png:
  development: 2018-01-15T11:02:24-05:00   5bb4497ae6f528a93a743324ed45499e
assets/white-sublimation-mug.png:
  development: 2018-01-15T11:02:25-05:00   483138fa319f48dd572962f6cf925fcd
assets/wine-glass.png:
  development: 2018-01-15T11:02:25-05:00   bbbce6cf534d8e53926ef34f93eb714a
assets/womans-aqua-green-heather-99mainstreet.png:
  development: 2018-01-15T11:02:25-05:00   0a78325a17719f33473cd256c4e4e6b3
assets/womans-ash-tshirt-99mainstreet.png:
  development: 2018-01-15T11:02:26-05:00   b79b7a443a7417e3bdfc8a666ace486e
assets/womans-athletic-heather-tanktop-99mainstreet.png:
  development: 2018-01-15T11:02:26-05:00   aa1bac9dbb136ec542c71bb07ff9fb82
assets/womans-black-charcoal-heather-99mainstreet.png:
  development: 2018-01-15T11:02:27-05:00   efba628b41a720531ebe7e9b967ec1da
assets/womans-black-tshirt-99mainstreet.png:
  development: 2018-01-15T11:02:27-05:00   12cfaa8dfa9c5a0101ea61ea9ec6512d
assets/womans-charcoal-tanktop-99mainstreet.png:
  development: 2018-01-15T11:02:27-05:00   235495f368e4663fd762df73c594291b
assets/womans-deep-forest-tshirt-99mainstreet.png:
  development: 2018-01-15T11:02:28-05:00   9bbb32da6fb5750b2308c4577a58324d
assets/womans-deep-royal-tshirt-99mainstreet.png:
  development: 2018-01-15T11:02:28-05:00   cac48482decb546a39c1fe158ef74e3f
assets/womans-jet-black-polo-99mainstreet.png:
  development: 2018-01-15T11:02:28-05:00   d0bd94b99eea85157c21038cd19b98c6
assets/womans-jet-black-zipup-hoodie-99mainstreet.png:
  development: 2018-01-15T11:02:29-05:00   b2b0c20726bbd667c0066a9ccaede09e
assets/womans-light-blue-polo-99mainstreet.png:
  development: 2018-01-15T11:02:29-05:00   f47787c8906c231e88115c0947b47434
assets/womans-light-royal-heather-99mainstreet.png:
  development: 2018-01-15T11:02:30-05:00   bb08ff5b1fc7c336c46db33153c93eb0
assets/womans-lime-green-polo-99mainstreet.png:
  development: 2018-01-15T11:02:31-05:00   c223fc3adc744fc134521195640df142
assets/womans-neon-blue-tanktop-99mainstreet.png:
  development: 2018-01-15T11:02:31-05:00   2c5ef7b1df92c001c82c55765407c0d3
assets/womans-neon-blue-zipup-hoodie-99mainstreet.png:
  development: 2018-01-15T11:02:32-05:00   60fe6cea6992c572db1726b71268fa34
assets/womans-neon-green-tanktop-99mainstreet.png:
  development: 2018-01-15T11:02:32-05:00   d4760ad5af71331a39e4e5bf950dfe3e
assets/womans-neon-pink-zipup-hoodie-99mainstreet.png:
  development: 2018-01-15T11:02:32-05:00   793d92c792096a653eb7527d00cfca10
assets/womans-neon-yellow-tanktop-99mainstreet.png:
  development: 2018-01-15T11:02:33-05:00   dc10d5deacb65c9422275f2a0a21833d
assets/womans-pale-pink-tshirt-99mainstreet.png:
  development: 2018-01-15T11:02:33-05:00   28fb84cce7691d2b25d2b7fbfa3c9ce7
assets/womans-pearl-grey-heather-99mainstreet.png:
  development: 2018-01-15T11:02:34-05:00   632c56bb6ca1edec90e0b423323fafc2
assets/womans-pink-respberry-heather-99mainstreet.png:
  development: 2018-01-15T11:02:35-05:00   ad3d5f6bf9aa864e78f12dc4b434b7a9
assets/womans-royal-blue-polo-99mainstreet.png:
  development: 2018-01-15T11:02:36-05:00   ee0313f3d449261c2ad312802807d21b
assets/womans-royal-tanktop-99mainstreet.png:
  development: 2018-01-15T11:02:36-05:00   4d0b5e96a1dd55ded4dd461f0cb29c4d
assets/womans-sand-polo-99mainstreet.png:
  development: 2018-01-15T11:02:37-05:00   1d7086f9764096a4dc355926a27da4fd
assets/womans-true-navy-heather-99mainstreet.png:
  development: 2018-01-15T11:02:37-05:00   1a11f35b7b7f52acb1099fb04c7b5b9b
assets/womans-vintage-red-tshirt-99mainstreet.png:
  development: 2018-01-15T11:02:38-05:00   d84ff2ef2abb4e47312c8cad6fad2a3d
assets/womans-white-polo-99mainstreet.png:
  development: 2018-01-15T11:02:38-05:00   91f258cee3163e9d75ea7184e4e69f25
assets/womans-wow-pink-tshirt-99mainstreet.png:
  development: 2018-01-15T11:02:39-05:00   ff647113510dfefde4ba3e2a519116e2
assets/wow-pink.png:
  development: 2018-01-15T11:02:39-05:00   379ec5f1762405c1b765c23449aa3da6
config/settings_data.json:
  development: 2018-01-15T11:01:05-05:00   ad638c91dfeb7842ccddf8b913810f16
config/settings_schema.json:
  development: 2018-01-15T11:02:42-05:00   58e38524d21e763e3a942d4c344ee0f4
layout/theme.liquid:
  development: 2018-01-15T11:02:39-05:00   fda143071c85c90da7f2fd947b0a25b3
locales/de.json:
  development: 2018-01-15T11:02:39-05:00   585899bd4424d43afa93b72083a5aa0e
locales/en.default.json:
  development: 2018-01-15T11:02:39-05:00   9d0ca80f18df6d80faf8c669c809b11d
locales/es.json:
  development: 2018-01-15T11:02:39-05:00   e1095d0bd282d98ace9c18e5973bb6bf
locales/fr.json:
  development: 2018-01-15T11:02:39-05:00   95311e190dd74a4665d004f60dda8ad2
locales/pt-BR.json:
  development: 2018-01-15T11:02:39-05:00   3bc832b43077ef1681f2fe4be3eda8c9
locales/pt-PT.json:
  development: 2018-01-15T11:02:39-05:00   6ddf443592f389ff55aa739569736f47
snippets/ajax-cart-template.liquid:
  development: 2018-01-15T11:02:39-05:00   b4a291983ac8b1b71f5a15b2b516d2c9
snippets/blog-sidebar.liquid:
  development: 2018-01-15T11:02:39-05:00   ae3891e372509ded7074e50b2a97f438
snippets/breadcrumb.liquid:
  development: 2018-01-15T11:02:39-05:00   7bf89ebc6f2f46288fa59aa305a42514
snippets/collection-sidebar.liquid:
  development: 2018-01-15T11:02:39-05:00   b53274904cf2b47ce2fb4c3e6d632bb3
snippets/collection-sorting.liquid:
  development: 2018-01-15T11:02:39-05:00   d369d2d4697110800946220909e8ecf8
snippets/comment.liquid:
  development: 2018-01-15T11:02:39-05:00   c766e42be8a74e05533d0e5a0e3a9ce3
snippets/drawer-cart.liquid:
  development: 2018-01-15T11:02:39-05:00   35a0f9c15d92a239094b8aba6338ddcb
snippets/drawer-nav.liquid:
  development: 2018-01-15T11:02:39-05:00   5b478dadc616a77e3d1c67275a477d39
snippets/featured-collections.liquid:
  development: 2018-01-15T11:02:39-05:00   3bc98281689c7f576daf22275939bbe9
snippets/featured-newest-products.liquid:
  development: 2018-01-15T11:02:39-05:00   2cf332d94ac8d7db9982a4a2d5e54634
snippets/featured-products.liquid:
  development: 2018-01-15T11:02:39-05:00   3566dbff453d4684a216a0b465e6561b
snippets/filter-menu-oldbackup.liquid:
  development: 2018-01-15T11:02:40-05:00   55fcab1131d838c0823474933abd4481
snippets/filter-menu-shop1.liquid:
  development: 2018-01-15T11:02:40-05:00   6aaa7adf696717c092a5770cdab589e7
snippets/filter-menu-shop3.liquid:
  development: 2018-01-15T11:02:40-05:00   ea0b617de24c02c82137b58fccb70d7a
snippets/filter-menu-test.liquid:
  development: 2018-01-15T11:02:40-05:00   52ed5cf9ddd61802e4e3d9a32ab6c8fb
snippets/filter-menu.liquid:
  development: 2018-01-15T11:02:40-05:00   a64cbb50f8d15101a69dc7bac0335074
snippets/findify-tagging.liquid:
  development: 2018-01-15T11:02:40-05:00   4ab29904b064b2e4795761c69efd8c2a
snippets/footer.liquid:
  development: 2018-01-15T11:02:40-05:00   6fc38d132890ab073b72c69eeb28f5f5
snippets/get-page-content.liquid:
  development: 2018-01-15T11:02:40-05:00   b9ef046b79c29ed7d0e95272ad7d19af
snippets/get_linklist_dropdown.liquid:
  development: 2018-01-15T11:02:40-05:00   cb7bdd9e8f5dc5cf8bd7521cb68980bd
snippets/header.liquid:
  development: 2018-01-15T11:02:40-05:00   df00c518176c9f731786e1e7f7fbb737
snippets/home-hero.liquid:
  development: 2018-01-15T11:02:40-05:00   62a8f880eeeb72daf00ddb2ad3678f2d
snippets/home-slider.liquid:
  development: 2018-01-15T11:02:40-05:00   b3976912cc8b563623580579a8d4b056
snippets/icon-arrow-right.liquid:
  development: 2018-01-15T11:02:40-05:00   44b5223f36d424d437eafb3a5b7bb97f
snippets/icon-cart.liquid:
  development: 2018-01-15T11:02:40-05:00   bbbd24a37560ca31fea5b11c114f2604
snippets/icon-fast-shipping.liquid:
  development: 2018-01-15T11:02:40-05:00   d42def859797cf7311e8a3161705004a
snippets/icon-fast.liquid:
  development: 2018-01-15T11:02:40-05:00   ff196c5a86ddf12e9a4969b3061924d9
snippets/icon-fun.liquid:
  development: 2018-01-15T11:02:40-05:00   d8ad9afdd5b65388828106c3a72d9eca
snippets/icon-heart.liquid:
  development: 2018-01-15T11:02:40-05:00   28d7334c04dc38dbf4ddce26f8b5ab33
snippets/icon-secure.liquid:
  development: 2018-01-15T11:02:40-05:00   76e132a02beae06bfe5dc31fb8a2b148
snippets/icon-shop.liquid:
  development: 2018-01-15T11:02:40-05:00   d0e191dfca53a6a2efda29f506f7812a
snippets/main-menu-mobile.liquid:
  development: 2018-01-15T11:02:40-05:00   fc973f7ab790dc10960cfe4ca31524a2
snippets/main-menu.liquid:
  development: 2018-01-15T11:02:40-05:00   8a4f19cec80fa28e178b208500b5a812
snippets/nav-bar.liquid:
  development: 2018-01-15T11:02:40-05:00   82f4c00812e3fcbf877b0755b452be69
snippets/oldIE-js.liquid:
  development: 2018-01-15T11:02:40-05:00   1197cc7109944206a600ed5caaef6a6f
snippets/onboarding-empty-collection.liquid:
  development: 2018-01-15T11:02:40-05:00   b25d81b4ba1c3e279fa58a5aade16b43
snippets/onboarding-featured-collections.liquid:
  development: 2018-01-15T11:02:40-05:00   63d3e42eb5e78f32bdd7d7bb96c2aa81
snippets/onboarding-featured-products.liquid:
  development: 2018-01-15T11:02:40-05:00   6a32fc5786e0f1dc98a1f75897fca8b3
snippets/product-customizer-helper.liquid:
  development: 2018-01-15T11:02:40-05:00   47e6b16663accc94e15233bf7a25b231
snippets/product-customizer.liquid:
  development: 2018-01-15T11:02:40-05:00   6cccfd54744dae5bd4a01a0afe335a81
snippets/product-gallery.liquid:
  development: 2018-01-15T11:02:40-05:00   88ae764e4beb0b519bf84dc943271d69
snippets/product-grid-item.liquid:
  development: 2018-01-15T11:02:40-05:00   95893857880e13bdfedbc6e587c48233
snippets/related-products-by-collection.liquid:
  development: 2018-01-15T11:02:40-05:00   2fae22d19a6dc3726b917f13e1c68577
snippets/related-products-by-type.liquid:
  development: 2018-01-15T11:02:40-05:00   5aca7991ceb9707d2aaf7986057f91b1
snippets/respond.liquid:
  development: 2018-01-15T11:02:40-05:00   ca6abf0635dc2ad8c6bd377f83c79f6b
snippets/search-bar.liquid:
  development: 2018-01-15T11:02:40-05:00   1b1e96abe10315b72e276dc02a2a3b90
snippets/shopstorm-scripttags.liquid:
  development: 2018-01-15T11:02:40-05:00   a6265ffecdd4a371bdeb37ad45a69fc2
snippets/sidebar-nav.liquid:
  development: 2018-01-15T11:02:40-05:00   e612907029c25d365014c75a905c813e
snippets/social-meta-tags.liquid:
  development: 2018-01-15T11:02:40-05:00   e7c97d7cb76c7925dd144dfb7b188cac
snippets/social-profiles.liquid:
  development: 2018-01-15T11:02:40-05:00   d0d9424d9defd90009df7ea88d89a14f
snippets/swatch.liquid:
  development: 2018-01-15T11:02:40-05:00   18f68f1cf7716bcae0826a75700d3099
snippets/tags-article.liquid:
  development: 2018-01-15T11:02:40-05:00   52bc59a44a51be2f1745559c2ba514a2
templates/404.liquid:
  development: 2018-01-15T11:02:40-05:00   7054fe88ea3950f52e057d5a766b29de
templates/article.liquid:
  development: 2018-01-15T11:02:40-05:00   ff67120cd7978f6390cdb79827f34d02
templates/blog.liquid:
  development: 2018-01-15T11:02:41-05:00   0fcbaa4e9142b8bb727353b62c4b4b1e
templates/cart.liquid:
  development: 2018-01-15T11:02:41-05:00   49bbbe1b3bda19110f7e72abc158bb91
templates/collection.deals.liquid:
  development: 2018-01-15T11:02:41-05:00   16a733fad0cac5feb6e40d77614dd3be
templates/collection.department.liquid:
  development: 2018-01-15T11:02:41-05:00   dc65d417662b293365840a8c52840867
templates/collection.liquid:
  development: 2018-01-15T11:02:41-05:00   bd64106577e69b13f2d9f1b1c7efa8a8
templates/collection.list.liquid:
  development: 2018-01-15T11:02:41-05:00   860cf9fa9ccf47d61e013bdecd99837e
templates/collection.shop-by-brands.liquid:
  development: 2018-01-15T11:02:41-05:00   8a574ab3cede129f7f6e1ab59c01559f
templates/collection.shop2.liquid:
  development: 2018-01-15T11:02:41-05:00   54f14f31bc0faaa63b993ba9a67e5d7b
templates/collection.shop3.liquid:
  development: 2018-01-15T11:02:41-05:00   802c643b5a45ef9a39ae87e42e430e1a
templates/customers/account.liquid:
  development: 2018-01-15T11:02:41-05:00   da9e3584ef6699ac5c811b73b42c58db
templates/customers/activate_account.liquid:
  development: 2018-01-15T11:02:41-05:00   d92bfce42f05a75de2f61cb6ba433e69
templates/customers/addresses.liquid:
  development: 2018-01-15T11:02:41-05:00   998f4a7deb6a33d014cbc3f0075b8050
templates/customers/login.liquid:
  development: 2018-01-15T11:02:41-05:00   e292c0a273f17c7835d558e1b61149cf
templates/customers/order.liquid:
  development: 2018-01-15T11:02:41-05:00   e3ec01e9286bf4daa7b5a3a7bbe8479c
templates/customers/register.liquid:
  development: 2018-01-15T11:02:41-05:00   77a294477ea2d6de5861f583e2a05051
templates/customers/reset_password.liquid:
  development: 2018-01-15T11:02:41-05:00   66ba7b680ca26b2eba0f162d4122d94c
templates/gift_card.liquid:
  development: 2018-01-15T11:02:41-05:00   aa22161f8674106b58a592821f56bc29
templates/index.liquid:
  development: 2018-01-15T11:02:41-05:00   247a88f90bcbb822025d91a513946b7f
templates/list-collections.liquid:
  development: 2018-01-15T11:02:41-05:00   a6a27fa01add54fc80c48c5625b658c8
templates/page.brochure1.liquid:
  development: 2018-01-15T11:02:41-05:00   01a5bde69aa35e1c665dd2ae60ebbd2e
templates/page.brochure2.liquid:
  development: 2018-01-15T11:02:41-05:00   e49565142898b253b788131e9d72628b
templates/page.brochure3.liquid:
  development: 2018-01-15T11:02:41-05:00   e62ed8123548b0d31e372f4d50f58d3b
templates/page.contact.liquid:
  development: 2018-01-15T11:02:41-05:00   69c5dbc567faee36aef72f4ebc469b6f
templates/page.liquid:
  development: 2018-01-15T11:02:41-05:00   d8807019ce2be881c325eb33e959b644
templates/page.sales-models.liquid:
  development: 2018-01-15T11:02:41-05:00   d580736b02dd0ee2ecbcb10ddb9ec3d5
templates/page.shop-by-brands.liquid:
  development: 2018-01-15T11:02:42-05:00   8a574ab3cede129f7f6e1ab59c01559f
templates/product.customizable.liquid:
  development: 2018-01-15T11:02:42-05:00   5a5c1c548b7adbd846292ab17febff4c
templates/product.liquid:
  development: 2018-01-15T11:02:42-05:00   e6944923b82d9a2bd486a6e1c8a5faf9
templates/search.liquid:
  development: 2018-01-15T11:02:42-05:00   4661237f0118ca57a4bad496e6bfc0aa
